// !$*UTF8*$!
{
	archiveVersion = 1;
	classes = {
	};
	objectVersion = 56;
	objects = {

/* Begin PBXBuildFile section */
		67058E3929CCCC5B00E030B7 /* AvatarProfileView.swift in Sources */ = {isa = PBXBuildFile; fileRef = 67058E3829CCCC5B00E030B7 /* AvatarProfileView.swift */; };
		67058E3B29CCD1D600E030B7 /* AvatarHomeView.swift in Sources */ = {isa = PBXBuildFile; fileRef = 67058E3A29CCD1D600E030B7 /* AvatarHomeView.swift */; };
		67058E3D29CCD44B00E030B7 /* SearchBarView.swift in Sources */ = {isa = PBXBuildFile; fileRef = 67058E3C29CCD44B00E030B7 /* SearchBarView.swift */; };
		67058E3F29CCDC4000E030B7 /* ProductCategoryBarView.swift in Sources */ = {isa = PBXBuildFile; fileRef = 67058E3E29CCDC4000E030B7 /* ProductCategoryBarView.swift */; };
		6708583129C1DAE50039A5ED /* Color+Extension.swift in Sources */ = {isa = PBXBuildFile; fileRef = 6708583029C1DAE50039A5ED /* Color+Extension.swift */; };
		6708583329C1DB0E0039A5ED /* String+Extension.swift in Sources */ = {isa = PBXBuildFile; fileRef = 6708583229C1DB0E0039A5ED /* String+Extension.swift */; };
		6708583529C2CA0F0039A5ED /* SignInViewModel.swift in Sources */ = {isa = PBXBuildFile; fileRef = 6708583429C2CA0F0039A5ED /* SignInViewModel.swift */; };
		6708583729C2CA4A0039A5ED /* LoginViewModel.swift in Sources */ = {isa = PBXBuildFile; fileRef = 6708583629C2CA4A0039A5ED /* LoginViewModel.swift */; };
		6708584429C41D0F0039A5ED /* DataManager.swift in Sources */ = {isa = PBXBuildFile; fileRef = 6708584329C41D0F0039A5ED /* DataManager.swift */; };
		670C86EE29CB7354000D8F20 /* TabBarView.swift in Sources */ = {isa = PBXBuildFile; fileRef = 670C86ED29CB7354000D8F20 /* TabBarView.swift */; };
		670C86F029CB762B000D8F20 /* CartTabView.swift in Sources */ = {isa = PBXBuildFile; fileRef = 670C86EF29CB762B000D8F20 /* CartTabView.swift */; };
		670C86F229CB7649000D8F20 /* ChatTabView.swift in Sources */ = {isa = PBXBuildFile; fileRef = 670C86F129CB7649000D8F20 /* ChatTabView.swift */; };
		670C86F629CB7C61000D8F20 /* HomeTabViewModel.swift in Sources */ = {isa = PBXBuildFile; fileRef = 670C86F529CB7C61000D8F20 /* HomeTabViewModel.swift */; };
		670C86F829CB7C99000D8F20 /* ProfileTabViewModel.swift in Sources */ = {isa = PBXBuildFile; fileRef = 670C86F729CB7C99000D8F20 /* ProfileTabViewModel.swift */; };
		670C86FC29CC17F5000D8F20 /* TabBar.swift in Sources */ = {isa = PBXBuildFile; fileRef = 670C86FB29CC17F5000D8F20 /* TabBar.swift */; };
		6715666729C8689900FD7543 /* APIServiceProtocol.swift in Sources */ = {isa = PBXBuildFile; fileRef = 6715666629C8689900FD7543 /* APIServiceProtocol.swift */; };
		6715666929C86A2700FD7543 /* APIClient.swift in Sources */ = {isa = PBXBuildFile; fileRef = 6715666829C86A2700FD7543 /* APIClient.swift */; };
		6715666B29C8707A00FD7543 /* Products.swift in Sources */ = {isa = PBXBuildFile; fileRef = 6715666A29C8707A00FD7543 /* Products.swift */; };
		6715666D29C870BC00FD7543 /* GoodsStore.swift in Sources */ = {isa = PBXBuildFile; fileRef = 6715666C29C870BC00FD7543 /* GoodsStore.swift */; };
		6730229229BBABD9003C6E40 /* Online_ShopApp.swift in Sources */ = {isa = PBXBuildFile; fileRef = 6730229129BBABD9003C6E40 /* Online_ShopApp.swift */; };
		6730229629BBABD9003C6E40 /* Assets.xcassets in Resources */ = {isa = PBXBuildFile; fileRef = 6730229529BBABD9003C6E40 /* Assets.xcassets */; };
		6730229929BBABD9003C6E40 /* Preview Assets.xcassets in Resources */ = {isa = PBXBuildFile; fileRef = 6730229829BBABD9003C6E40 /* Preview Assets.xcassets */; };
		673022A129BBAC93003C6E40 /* SignInView.swift in Sources */ = {isa = PBXBuildFile; fileRef = 673022A029BBAC93003C6E40 /* SignInView.swift */; };
		673022A329BBACAE003C6E40 /* LoginView.swift in Sources */ = {isa = PBXBuildFile; fileRef = 673022A229BBACAE003C6E40 /* LoginView.swift */; };
		673022A529BBACBA003C6E40 /* ProfileTabView.swift in Sources */ = {isa = PBXBuildFile; fileRef = 673022A429BBACBA003C6E40 /* ProfileTabView.swift */; };
		673022A729BBACD1003C6E40 /* HomeTabView.swift in Sources */ = {isa = PBXBuildFile; fileRef = 673022A629BBACD1003C6E40 /* HomeTabView.swift */; };
		673022A929BBACDD003C6E40 /* FavouritesTabView.swift in Sources */ = {isa = PBXBuildFile; fileRef = 673022A829BBACDD003C6E40 /* FavouritesTabView.swift */; };
		673022AB29BBC7E6003C6E40 /* SubmitButtonView.swift in Sources */ = {isa = PBXBuildFile; fileRef = 673022AA29BBC7E6003C6E40 /* SubmitButtonView.swift */; };
		673022AD29BBC7F6003C6E40 /* TextFieldView.swift in Sources */ = {isa = PBXBuildFile; fileRef = 673022AC29BBC7F6003C6E40 /* TextFieldView.swift */; };
		673022AF29BBC810003C6E40 /* SignWithView.swift in Sources */ = {isa = PBXBuildFile; fileRef = 673022AE29BBC810003C6E40 /* SignWithView.swift */; };
		673022C129BBEBF2003C6E40 /* Montserrat-Bold.ttf in Resources */ = {isa = PBXBuildFile; fileRef = 673022BA29BBEBF1003C6E40 /* Montserrat-Bold.ttf */; };
		673022C229BBEBF2003C6E40 /* Montserrat-Regular.ttf in Resources */ = {isa = PBXBuildFile; fileRef = 673022BB29BBEBF2003C6E40 /* Montserrat-Regular.ttf */; };
		673022C329BBEBF2003C6E40 /* Montserrat-Thin.ttf in Resources */ = {isa = PBXBuildFile; fileRef = 673022BC29BBEBF2003C6E40 /* Montserrat-Thin.ttf */; };
		673022C429BBEBF2003C6E40 /* Montserrat-Medium.ttf in Resources */ = {isa = PBXBuildFile; fileRef = 673022BD29BBEBF2003C6E40 /* Montserrat-Medium.ttf */; };
		673022C529BBEBF2003C6E40 /* Montserrat-Light.ttf in Resources */ = {isa = PBXBuildFile; fileRef = 673022BE29BBEBF2003C6E40 /* Montserrat-Light.ttf */; };
		673022C629BBEBF2003C6E40 /* Montserrat-SemiBold.ttf in Resources */ = {isa = PBXBuildFile; fileRef = 673022BF29BBEBF2003C6E40 /* Montserrat-SemiBold.ttf */; };
		673022C729BBEBF2003C6E40 /* Montserrat-ExtraLight.ttf in Resources */ = {isa = PBXBuildFile; fileRef = 673022C029BBEBF2003C6E40 /* Montserrat-ExtraLight.ttf */; };
		67587C7329CD75AC00EF706C /* LatestItemView.swift in Sources */ = {isa = PBXBuildFile; fileRef = 67587C7229CD75AC00EF706C /* LatestItemView.swift */; };
		67587C7529CD75B900EF706C /* FlashSaleItemView.swift in Sources */ = {isa = PBXBuildFile; fileRef = 67587C7429CD75B900EF706C /* FlashSaleItemView.swift */; };
		67587C7729CD84CF00EF706C /* CapsuleTextView.swift in Sources */ = {isa = PBXBuildFile; fileRef = 67587C7629CD84CF00EF706C /* CapsuleTextView.swift */; };
		67587C7A29CD8F2C00EF706C /* DiscountView.swift in Sources */ = {isa = PBXBuildFile; fileRef = 67587C7929CD8F2C00EF706C /* DiscountView.swift */; };
		67587C7C29CD928400EF706C /* CarouselLatest.swift in Sources */ = {isa = PBXBuildFile; fileRef = 67587C7B29CD928400EF706C /* CarouselLatest.swift */; };
		67587C7E29CDA6CE00EF706C /* CarouselTitleView.swift in Sources */ = {isa = PBXBuildFile; fileRef = 67587C7D29CDA6CE00EF706C /* CarouselTitleView.swift */; };
		67587C8029CDA82A00EF706C /* CarouselFlashSale.swift in Sources */ = {isa = PBXBuildFile; fileRef = 67587C7F29CDA82A00EF706C /* CarouselFlashSale.swift */; };
		67587C8229CDA84B00EF706C /* CarouselBrands.swift in Sources */ = {isa = PBXBuildFile; fileRef = 67587C8129CDA84B00EF706C /* CarouselBrands.swift */; };
		67587C8929CDEDEA00EF706C /* ActivityIndicator.swift in Sources */ = {isa = PBXBuildFile; fileRef = 67587C8829CDEDEA00EF706C /* ActivityIndicator.swift */; };
		67587C8D29CDF1B000EF706C /* BrandItemView.swift in Sources */ = {isa = PBXBuildFile; fileRef = 67587C8C29CDF1B000EF706C /* BrandItemView.swift */; };
		67609A1929CC773900F5C0B4 /* ProfileCells.swift in Sources */ = {isa = PBXBuildFile; fileRef = 67609A1829CC773900F5C0B4 /* ProfileCells.swift */; };
		678631E629CA169800B62228 /* StarterView.swift in Sources */ = {isa = PBXBuildFile; fileRef = 678631E529CA169800B62228 /* StarterView.swift */; };
		678631E829CAF5B000B62228 /* UserManager.swift in Sources */ = {isa = PBXBuildFile; fileRef = 678631E729CAF5B000B62228 /* UserManager.swift */; };
		678631F229CB5FBA00B62228 /* User.swift in Sources */ = {isa = PBXBuildFile; fileRef = 678631F129CB5FBA00B62228 /* User.swift */; };
		678AEE9529C023DE00D33A49 /* PasswordFieldView.swift in Sources */ = {isa = PBXBuildFile; fileRef = 678AEE9429C023DE00D33A49 /* PasswordFieldView.swift */; };
/* End PBXBuildFile section */

/* Begin PBXFileReference section */
		67058E3829CCCC5B00E030B7 /* AvatarProfileView.swift */ = {isa = PBXFileReference; lastKnownFileType = sourcecode.swift; path = AvatarProfileView.swift; sourceTree = "<group>"; };
		67058E3A29CCD1D600E030B7 /* AvatarHomeView.swift */ = {isa = PBXFileReference; lastKnownFileType = sourcecode.swift; path = AvatarHomeView.swift; sourceTree = "<group>"; };
		67058E3C29CCD44B00E030B7 /* SearchBarView.swift */ = {isa = PBXFileReference; lastKnownFileType = sourcecode.swift; path = SearchBarView.swift; sourceTree = "<group>"; };
		67058E3E29CCDC4000E030B7 /* ProductCategoryBarView.swift */ = {isa = PBXFileReference; lastKnownFileType = sourcecode.swift; path = ProductCategoryBarView.swift; sourceTree = "<group>"; };
		6708583029C1DAE50039A5ED /* Color+Extension.swift */ = {isa = PBXFileReference; lastKnownFileType = sourcecode.swift; path = "Color+Extension.swift"; sourceTree = "<group>"; };
		6708583229C1DB0E0039A5ED /* String+Extension.swift */ = {isa = PBXFileReference; lastKnownFileType = sourcecode.swift; path = "String+Extension.swift"; sourceTree = "<group>"; };
		6708583429C2CA0F0039A5ED /* SignInViewModel.swift */ = {isa = PBXFileReference; lastKnownFileType = sourcecode.swift; path = SignInViewModel.swift; sourceTree = "<group>"; };
		6708583629C2CA4A0039A5ED /* LoginViewModel.swift */ = {isa = PBXFileReference; lastKnownFileType = sourcecode.swift; path = LoginViewModel.swift; sourceTree = "<group>"; };
		6708584329C41D0F0039A5ED /* DataManager.swift */ = {isa = PBXFileReference; lastKnownFileType = sourcecode.swift; path = DataManager.swift; sourceTree = "<group>"; };
		670C86ED29CB7354000D8F20 /* TabBarView.swift */ = {isa = PBXFileReference; lastKnownFileType = sourcecode.swift; path = TabBarView.swift; sourceTree = "<group>"; };
		670C86EF29CB762B000D8F20 /* CartTabView.swift */ = {isa = PBXFileReference; lastKnownFileType = sourcecode.swift; path = CartTabView.swift; sourceTree = "<group>"; };
		670C86F129CB7649000D8F20 /* ChatTabView.swift */ = {isa = PBXFileReference; lastKnownFileType = sourcecode.swift; path = ChatTabView.swift; sourceTree = "<group>"; };
		670C86F529CB7C61000D8F20 /* HomeTabViewModel.swift */ = {isa = PBXFileReference; lastKnownFileType = sourcecode.swift; path = HomeTabViewModel.swift; sourceTree = "<group>"; };
		670C86F729CB7C99000D8F20 /* ProfileTabViewModel.swift */ = {isa = PBXFileReference; lastKnownFileType = sourcecode.swift; path = ProfileTabViewModel.swift; sourceTree = "<group>"; };
		670C86FB29CC17F5000D8F20 /* TabBar.swift */ = {isa = PBXFileReference; lastKnownFileType = sourcecode.swift; path = TabBar.swift; sourceTree = "<group>"; };
		6715666629C8689900FD7543 /* APIServiceProtocol.swift */ = {isa = PBXFileReference; lastKnownFileType = sourcecode.swift; path = APIServiceProtocol.swift; sourceTree = "<group>"; };
		6715666829C86A2700FD7543 /* APIClient.swift */ = {isa = PBXFileReference; lastKnownFileType = sourcecode.swift; path = APIClient.swift; sourceTree = "<group>"; };
		6715666A29C8707A00FD7543 /* Products.swift */ = {isa = PBXFileReference; lastKnownFileType = sourcecode.swift; path = Products.swift; sourceTree = "<group>"; };
		6715666C29C870BC00FD7543 /* GoodsStore.swift */ = {isa = PBXFileReference; lastKnownFileType = sourcecode.swift; path = GoodsStore.swift; sourceTree = "<group>"; };
		6730228E29BBABD9003C6E40 /* Online Shop.app */ = {isa = PBXFileReference; explicitFileType = wrapper.application; includeInIndex = 0; path = "Online Shop.app"; sourceTree = BUILT_PRODUCTS_DIR; };
		6730229129BBABD9003C6E40 /* Online_ShopApp.swift */ = {isa = PBXFileReference; lastKnownFileType = sourcecode.swift; path = Online_ShopApp.swift; sourceTree = "<group>"; };
		6730229529BBABD9003C6E40 /* Assets.xcassets */ = {isa = PBXFileReference; lastKnownFileType = folder.assetcatalog; path = Assets.xcassets; sourceTree = "<group>"; };
		6730229829BBABD9003C6E40 /* Preview Assets.xcassets */ = {isa = PBXFileReference; lastKnownFileType = folder.assetcatalog; path = "Preview Assets.xcassets"; sourceTree = "<group>"; };
		673022A029BBAC93003C6E40 /* SignInView.swift */ = {isa = PBXFileReference; lastKnownFileType = sourcecode.swift; path = SignInView.swift; sourceTree = "<group>"; };
		673022A229BBACAE003C6E40 /* LoginView.swift */ = {isa = PBXFileReference; lastKnownFileType = sourcecode.swift; path = LoginView.swift; sourceTree = "<group>"; };
		673022A429BBACBA003C6E40 /* ProfileTabView.swift */ = {isa = PBXFileReference; lastKnownFileType = sourcecode.swift; path = ProfileTabView.swift; sourceTree = "<group>"; };
		673022A629BBACD1003C6E40 /* HomeTabView.swift */ = {isa = PBXFileReference; lastKnownFileType = sourcecode.swift; path = HomeTabView.swift; sourceTree = "<group>"; };
		673022A829BBACDD003C6E40 /* FavouritesTabView.swift */ = {isa = PBXFileReference; lastKnownFileType = sourcecode.swift; path = FavouritesTabView.swift; sourceTree = "<group>"; };
		673022AA29BBC7E6003C6E40 /* SubmitButtonView.swift */ = {isa = PBXFileReference; lastKnownFileType = sourcecode.swift; path = SubmitButtonView.swift; sourceTree = "<group>"; };
		673022AC29BBC7F6003C6E40 /* TextFieldView.swift */ = {isa = PBXFileReference; lastKnownFileType = sourcecode.swift; path = TextFieldView.swift; sourceTree = "<group>"; };
		673022AE29BBC810003C6E40 /* SignWithView.swift */ = {isa = PBXFileReference; lastKnownFileType = sourcecode.swift; path = SignWithView.swift; sourceTree = "<group>"; };
		673022B929BBE9A3003C6E40 /* Online-Shop-Info.plist */ = {isa = PBXFileReference; lastKnownFileType = text.plist; path = "Online-Shop-Info.plist"; sourceTree = SOURCE_ROOT; };
		673022BA29BBEBF1003C6E40 /* Montserrat-Bold.ttf */ = {isa = PBXFileReference; lastKnownFileType = file; path = "Montserrat-Bold.ttf"; sourceTree = "<group>"; };
		673022BB29BBEBF2003C6E40 /* Montserrat-Regular.ttf */ = {isa = PBXFileReference; lastKnownFileType = file; path = "Montserrat-Regular.ttf"; sourceTree = "<group>"; };
		673022BC29BBEBF2003C6E40 /* Montserrat-Thin.ttf */ = {isa = PBXFileReference; lastKnownFileType = file; path = "Montserrat-Thin.ttf"; sourceTree = "<group>"; };
		673022BD29BBEBF2003C6E40 /* Montserrat-Medium.ttf */ = {isa = PBXFileReference; lastKnownFileType = file; path = "Montserrat-Medium.ttf"; sourceTree = "<group>"; };
		673022BE29BBEBF2003C6E40 /* Montserrat-Light.ttf */ = {isa = PBXFileReference; lastKnownFileType = file; path = "Montserrat-Light.ttf"; sourceTree = "<group>"; };
		673022BF29BBEBF2003C6E40 /* Montserrat-SemiBold.ttf */ = {isa = PBXFileReference; lastKnownFileType = file; path = "Montserrat-SemiBold.ttf"; sourceTree = "<group>"; };
		673022C029BBEBF2003C6E40 /* Montserrat-ExtraLight.ttf */ = {isa = PBXFileReference; lastKnownFileType = file; path = "Montserrat-ExtraLight.ttf"; sourceTree = "<group>"; };
		67587C7229CD75AC00EF706C /* LatestItemView.swift */ = {isa = PBXFileReference; lastKnownFileType = sourcecode.swift; path = LatestItemView.swift; sourceTree = "<group>"; };
		67587C7429CD75B900EF706C /* FlashSaleItemView.swift */ = {isa = PBXFileReference; lastKnownFileType = sourcecode.swift; path = FlashSaleItemView.swift; sourceTree = "<group>"; };
		67587C7629CD84CF00EF706C /* CapsuleTextView.swift */ = {isa = PBXFileReference; lastKnownFileType = sourcecode.swift; path = CapsuleTextView.swift; sourceTree = "<group>"; };
		67587C7929CD8F2C00EF706C /* DiscountView.swift */ = {isa = PBXFileReference; lastKnownFileType = sourcecode.swift; path = DiscountView.swift; sourceTree = "<group>"; };
		67587C7B29CD928400EF706C /* CarouselLatest.swift */ = {isa = PBXFileReference; lastKnownFileType = sourcecode.swift; path = CarouselLatest.swift; sourceTree = "<group>"; };
		67587C7D29CDA6CE00EF706C /* CarouselTitleView.swift */ = {isa = PBXFileReference; lastKnownFileType = sourcecode.swift; path = CarouselTitleView.swift; sourceTree = "<group>"; };
		67587C7F29CDA82A00EF706C /* CarouselFlashSale.swift */ = {isa = PBXFileReference; lastKnownFileType = sourcecode.swift; path = CarouselFlashSale.swift; sourceTree = "<group>"; };
		67587C8129CDA84B00EF706C /* CarouselBrands.swift */ = {isa = PBXFileReference; lastKnownFileType = sourcecode.swift; path = CarouselBrands.swift; sourceTree = "<group>"; };
		67587C8829CDEDEA00EF706C /* ActivityIndicator.swift */ = {isa = PBXFileReference; lastKnownFileType = sourcecode.swift; path = ActivityIndicator.swift; sourceTree = "<group>"; };
		67587C8C29CDF1B000EF706C /* BrandItemView.swift */ = {isa = PBXFileReference; lastKnownFileType = sourcecode.swift; path = BrandItemView.swift; sourceTree = "<group>"; };
		67609A1829CC773900F5C0B4 /* ProfileCells.swift */ = {isa = PBXFileReference; lastKnownFileType = sourcecode.swift; path = ProfileCells.swift; sourceTree = "<group>"; };
		678631E529CA169800B62228 /* StarterView.swift */ = {isa = PBXFileReference; lastKnownFileType = sourcecode.swift; path = StarterView.swift; sourceTree = "<group>"; };
		678631E729CAF5B000B62228 /* UserManager.swift */ = {isa = PBXFileReference; lastKnownFileType = sourcecode.swift; path = UserManager.swift; sourceTree = "<group>"; };
		678631F129CB5FBA00B62228 /* User.swift */ = {isa = PBXFileReference; lastKnownFileType = sourcecode.swift; path = User.swift; sourceTree = "<group>"; };
		678AEE9429C023DE00D33A49 /* PasswordFieldView.swift */ = {isa = PBXFileReference; lastKnownFileType = sourcecode.swift; path = PasswordFieldView.swift; sourceTree = "<group>"; };
/* End PBXFileReference section */

/* Begin PBXFrameworksBuildPhase section */
		6730228B29BBABD9003C6E40 /* Frameworks */ = {
			isa = PBXFrameworksBuildPhase;
			buildActionMask = 2147483647;
			files = (
			);
			runOnlyForDeploymentPostprocessing = 0;
		};
/* End PBXFrameworksBuildPhase section */

/* Begin PBXGroup section */
		6708582D29C1D9B20039A5ED /* Extensions */ = {
			isa = PBXGroup;
			children = (
				6708583029C1DAE50039A5ED /* Color+Extension.swift */,
				6708583229C1DB0E0039A5ED /* String+Extension.swift */,
			);
			path = Extensions;
			sourceTree = "<group>";
		};
		6708583C29C41A730039A5ED /* Managers */ = {
			isa = PBXGroup;
			children = (
				6708584329C41D0F0039A5ED /* DataManager.swift */,
				678631E729CAF5B000B62228 /* UserManager.swift */,
			);
			path = Managers;
			sourceTree = "<group>";
		};
		670C86EC29CB6B76000D8F20 /* MainViews */ = {
			isa = PBXGroup;
			children = (
				670C86ED29CB7354000D8F20 /* TabBarView.swift */,
				678631EA29CAFD7800B62228 /* Tabs */,
			);
			path = MainViews;
			sourceTree = "<group>";
		};
		670C86F329CB7C1D000D8F20 /* HomeTabView */ = {
			isa = PBXGroup;
			children = (
				673022A629BBACD1003C6E40 /* HomeTabView.swift */,
				670C86F529CB7C61000D8F20 /* HomeTabViewModel.swift */,
			);
			path = HomeTabView;
			sourceTree = "<group>";
		};
		670C86F429CB7C36000D8F20 /* ProfileTabView */ = {
			isa = PBXGroup;
			children = (
				673022A429BBACBA003C6E40 /* ProfileTabView.swift */,
				670C86F729CB7C99000D8F20 /* ProfileTabViewModel.swift */,
			);
			path = ProfileTabView;
			sourceTree = "<group>";
		};
		670C86F929CC179F000D8F20 /* Prototypes */ = {
			isa = PBXGroup;
			children = (
				673022AA29BBC7E6003C6E40 /* SubmitButtonView.swift */,
				673022AC29BBC7F6003C6E40 /* TextFieldView.swift */,
				678AEE9429C023DE00D33A49 /* PasswordFieldView.swift */,
				673022AE29BBC810003C6E40 /* SignWithView.swift */,
			);
			path = Prototypes;
			sourceTree = "<group>";
		};
		670C86FA29CC17D2000D8F20 /* Prototypes */ = {
			isa = PBXGroup;
			children = (
				67587C8329CDBD3900EF706C /* Carousel */,
				670C86FB29CC17F5000D8F20 /* TabBar.swift */,
				67609A1829CC773900F5C0B4 /* ProfileCells.swift */,
				67058E3829CCCC5B00E030B7 /* AvatarProfileView.swift */,
				67058E3A29CCD1D600E030B7 /* AvatarHomeView.swift */,
				67058E3C29CCD44B00E030B7 /* SearchBarView.swift */,
				67587C8829CDEDEA00EF706C /* ActivityIndicator.swift */,
			);
			path = Prototypes;
			sourceTree = "<group>";
		};
		6715666529C8688200FD7543 /* Networking */ = {
			isa = PBXGroup;
			children = (
				6715666A29C8707A00FD7543 /* Products.swift */,
				6715666C29C870BC00FD7543 /* GoodsStore.swift */,
				6715666629C8689900FD7543 /* APIServiceProtocol.swift */,
				6715666829C86A2700FD7543 /* APIClient.swift */,
			);
			path = Networking;
			sourceTree = "<group>";
		};
		6730228529BBABD9003C6E40 = {
			isa = PBXGroup;
			children = (
				6730229029BBABD9003C6E40 /* Online Shop */,
				6730228F29BBABD9003C6E40 /* Products */,
			);
			sourceTree = "<group>";
		};
		6730228F29BBABD9003C6E40 /* Products */ = {
			isa = PBXGroup;
			children = (
				6730228E29BBABD9003C6E40 /* Online Shop.app */,
			);
			name = Products;
			sourceTree = "<group>";
		};
		6730229029BBABD9003C6E40 /* Online Shop */ = {
			isa = PBXGroup;
			children = (
				6715666529C8688200FD7543 /* Networking */,
				6708583C29C41A730039A5ED /* Managers */,
				6730229F29BBAC80003C6E40 /* Views */,
				678631F029CB5FAC00B62228 /* Models */,
				6708582D29C1D9B20039A5ED /* Extensions */,
				673022B029BBE6DD003C6E40 /* Fonts */,
				6730229729BBABD9003C6E40 /* Preview Content */,
				6730229529BBABD9003C6E40 /* Assets.xcassets */,
				673022B929BBE9A3003C6E40 /* Online-Shop-Info.plist */,
				678631E529CA169800B62228 /* StarterView.swift */,
				6730229129BBABD9003C6E40 /* Online_ShopApp.swift */,
			);
			path = "Online Shop";
			sourceTree = "<group>";
		};
		6730229729BBABD9003C6E40 /* Preview Content */ = {
			isa = PBXGroup;
			children = (
				6730229829BBABD9003C6E40 /* Preview Assets.xcassets */,
			);
			path = "Preview Content";
			sourceTree = "<group>";
		};
		6730229F29BBAC80003C6E40 /* Views */ = {
			isa = PBXGroup;
			children = (
				67609A1C29CCBEAA00F5C0B4 /* RegisterViews */,
				670C86EC29CB6B76000D8F20 /* MainViews */,
			);
			path = Views;
			sourceTree = "<group>";
		};
		673022B029BBE6DD003C6E40 /* Fonts */ = {
			isa = PBXGroup;
			children = (
				673022B129BBE6E7003C6E40 /* Montserrat */,
			);
			path = Fonts;
			sourceTree = "<group>";
		};
		673022B129BBE6E7003C6E40 /* Montserrat */ = {
			isa = PBXGroup;
			children = (
				673022BA29BBEBF1003C6E40 /* Montserrat-Bold.ttf */,
				673022C029BBEBF2003C6E40 /* Montserrat-ExtraLight.ttf */,
				673022BE29BBEBF2003C6E40 /* Montserrat-Light.ttf */,
				673022BD29BBEBF2003C6E40 /* Montserrat-Medium.ttf */,
				673022BB29BBEBF2003C6E40 /* Montserrat-Regular.ttf */,
				673022BF29BBEBF2003C6E40 /* Montserrat-SemiBold.ttf */,
				673022BC29BBEBF2003C6E40 /* Montserrat-Thin.ttf */,
			);
			path = Montserrat;
			sourceTree = "<group>";
		};
		67587C8329CDBD3900EF706C /* Carousel */ = {
			isa = PBXGroup;
			children = (
				67058E3E29CCDC4000E030B7 /* ProductCategoryBarView.swift */,
				67587C7B29CD928400EF706C /* CarouselLatest.swift */,
				67587C7F29CDA82A00EF706C /* CarouselFlashSale.swift */,
				67587C8129CDA84B00EF706C /* CarouselBrands.swift */,
				67587C7D29CDA6CE00EF706C /* CarouselTitleView.swift */,
				67587C7229CD75AC00EF706C /* LatestItemView.swift */,
				67587C7429CD75B900EF706C /* FlashSaleItemView.swift */,
				67587C8C29CDF1B000EF706C /* BrandItemView.swift */,
				67587C7629CD84CF00EF706C /* CapsuleTextView.swift */,
				67587C7929CD8F2C00EF706C /* DiscountView.swift */,
			);
			path = Carousel;
			sourceTree = "<group>";
		};
		67609A1C29CCBEAA00F5C0B4 /* RegisterViews */ = {
			isa = PBXGroup;
			children = (
				678631EC29CB119C00B62228 /* SignInView */,
				678631ED29CB11AF00B62228 /* LoginView */,
				670C86F929CC179F000D8F20 /* Prototypes */,
			);
			path = RegisterViews;
			sourceTree = "<group>";
		};
		678631EA29CAFD7800B62228 /* Tabs */ = {
			isa = PBXGroup;
			children = (
				670C86F329CB7C1D000D8F20 /* HomeTabView */,
				670C86F429CB7C36000D8F20 /* ProfileTabView */,
				670C86FA29CC17D2000D8F20 /* Prototypes */,
				673022A829BBACDD003C6E40 /* FavouritesTabView.swift */,
				670C86EF29CB762B000D8F20 /* CartTabView.swift */,
				670C86F129CB7649000D8F20 /* ChatTabView.swift */,
			);
			path = Tabs;
			sourceTree = "<group>";
		};
		678631EC29CB119C00B62228 /* SignInView */ = {
			isa = PBXGroup;
			children = (
				673022A029BBAC93003C6E40 /* SignInView.swift */,
				6708583429C2CA0F0039A5ED /* SignInViewModel.swift */,
			);
			path = SignInView;
			sourceTree = "<group>";
		};
		678631ED29CB11AF00B62228 /* LoginView */ = {
			isa = PBXGroup;
			children = (
				673022A229BBACAE003C6E40 /* LoginView.swift */,
				6708583629C2CA4A0039A5ED /* LoginViewModel.swift */,
			);
			path = LoginView;
			sourceTree = "<group>";
		};
		678631F029CB5FAC00B62228 /* Models */ = {
			isa = PBXGroup;
			children = (
				678631F129CB5FBA00B62228 /* User.swift */,
			);
			path = Models;
			sourceTree = "<group>";
		};
/* End PBXGroup section */

/* Begin PBXNativeTarget section */
		6730228D29BBABD9003C6E40 /* Online Shop */ = {
			isa = PBXNativeTarget;
			buildConfigurationList = 6730229C29BBABD9003C6E40 /* Build configuration list for PBXNativeTarget "Online Shop" */;
			buildPhases = (
				6730228A29BBABD9003C6E40 /* Sources */,
				6730228B29BBABD9003C6E40 /* Frameworks */,
				6730228C29BBABD9003C6E40 /* Resources */,
			);
			buildRules = (
			);
			dependencies = (
			);
			name = "Online Shop";
			productName = "Online Shop";
			productReference = 6730228E29BBABD9003C6E40 /* Online Shop.app */;
			productType = "com.apple.product-type.application";
		};
/* End PBXNativeTarget section */

/* Begin PBXProject section */
		6730228629BBABD9003C6E40 /* Project object */ = {
			isa = PBXProject;
			attributes = {
				BuildIndependentTargetsInParallel = 1;
				LastSwiftUpdateCheck = 1420;
				LastUpgradeCheck = 1420;
				TargetAttributes = {
					6730228D29BBABD9003C6E40 = {
						CreatedOnToolsVersion = 14.2;
					};
				};
			};
			buildConfigurationList = 6730228929BBABD9003C6E40 /* Build configuration list for PBXProject "Online Shop" */;
			compatibilityVersion = "Xcode 14.0";
			developmentRegion = en;
			hasScannedForEncodings = 0;
			knownRegions = (
				en,
				Base,
			);
			mainGroup = 6730228529BBABD9003C6E40;
			productRefGroup = 6730228F29BBABD9003C6E40 /* Products */;
			projectDirPath = "";
			projectRoot = "";
			targets = (
				6730228D29BBABD9003C6E40 /* Online Shop */,
			);
		};
/* End PBXProject section */

/* Begin PBXResourcesBuildPhase section */
		6730228C29BBABD9003C6E40 /* Resources */ = {
			isa = PBXResourcesBuildPhase;
			buildActionMask = 2147483647;
			files = (
				673022C529BBEBF2003C6E40 /* Montserrat-Light.ttf in Resources */,
				673022C329BBEBF2003C6E40 /* Montserrat-Thin.ttf in Resources */,
				673022C229BBEBF2003C6E40 /* Montserrat-Regular.ttf in Resources */,
				6730229929BBABD9003C6E40 /* Preview Assets.xcassets in Resources */,
				673022C729BBEBF2003C6E40 /* Montserrat-ExtraLight.ttf in Resources */,
				6730229629BBABD9003C6E40 /* Assets.xcassets in Resources */,
				673022C429BBEBF2003C6E40 /* Montserrat-Medium.ttf in Resources */,
				673022C629BBEBF2003C6E40 /* Montserrat-SemiBold.ttf in Resources */,
				673022C129BBEBF2003C6E40 /* Montserrat-Bold.ttf in Resources */,
			);
			runOnlyForDeploymentPostprocessing = 0;
		};
/* End PBXResourcesBuildPhase section */

/* Begin PBXSourcesBuildPhase section */
		6730228A29BBABD9003C6E40 /* Sources */ = {
			isa = PBXSourcesBuildPhase;
			buildActionMask = 2147483647;
			files = (
				670C86F029CB762B000D8F20 /* CartTabView.swift in Sources */,
				678AEE9529C023DE00D33A49 /* PasswordFieldView.swift in Sources */,
				670C86F829CB7C99000D8F20 /* ProfileTabViewModel.swift in Sources */,
				6708584429C41D0F0039A5ED /* DataManager.swift in Sources */,
				67587C8929CDEDEA00EF706C /* ActivityIndicator.swift in Sources */,
				678631E629CA169800B62228 /* StarterView.swift in Sources */,
				673022A729BBACD1003C6E40 /* HomeTabView.swift in Sources */,
				67587C7A29CD8F2C00EF706C /* DiscountView.swift in Sources */,
				6715666729C8689900FD7543 /* APIServiceProtocol.swift in Sources */,
				673022AB29BBC7E6003C6E40 /* SubmitButtonView.swift in Sources */,
				6708583729C2CA4A0039A5ED /* LoginViewModel.swift in Sources */,
				67058E3B29CCD1D600E030B7 /* AvatarHomeView.swift in Sources */,
				67587C8D29CDF1B000EF706C /* BrandItemView.swift in Sources */,
				6730229229BBABD9003C6E40 /* Online_ShopApp.swift in Sources */,
				67587C7E29CDA6CE00EF706C /* CarouselTitleView.swift in Sources */,
				673022A529BBACBA003C6E40 /* ProfileTabView.swift in Sources */,
				67609A1929CC773900F5C0B4 /* ProfileCells.swift in Sources */,
				6715666D29C870BC00FD7543 /* GoodsStore.swift in Sources */,
				67058E3929CCCC5B00E030B7 /* AvatarProfileView.swift in Sources */,
				678631F229CB5FBA00B62228 /* User.swift in Sources */,
				67587C7329CD75AC00EF706C /* LatestItemView.swift in Sources */,
				673022AF29BBC810003C6E40 /* SignWithView.swift in Sources */,
				6708583329C1DB0E0039A5ED /* String+Extension.swift in Sources */,
				673022A929BBACDD003C6E40 /* FavouritesTabView.swift in Sources */,
				673022A329BBACAE003C6E40 /* LoginView.swift in Sources */,
				67058E3D29CCD44B00E030B7 /* SearchBarView.swift in Sources */,
				673022A129BBAC93003C6E40 /* SignInView.swift in Sources */,
				678631E829CAF5B000B62228 /* UserManager.swift in Sources */,
				673022AD29BBC7F6003C6E40 /* TextFieldView.swift in Sources */,
				67587C7C29CD928400EF706C /* CarouselLatest.swift in Sources */,
				67587C8229CDA84B00EF706C /* CarouselBrands.swift in Sources */,
				67058E3F29CCDC4000E030B7 /* ProductCategoryBarView.swift in Sources */,
				6708583129C1DAE50039A5ED /* Color+Extension.swift in Sources */,
				670C86EE29CB7354000D8F20 /* TabBarView.swift in Sources */,
				670C86F229CB7649000D8F20 /* ChatTabView.swift in Sources */,
				6715666B29C8707A00FD7543 /* Products.swift in Sources */,
				67587C7529CD75B900EF706C /* FlashSaleItemView.swift in Sources */,
				670C86F629CB7C61000D8F20 /* HomeTabViewModel.swift in Sources */,
				67587C8029CDA82A00EF706C /* CarouselFlashSale.swift in Sources */,
				6715666929C86A2700FD7543 /* APIClient.swift in Sources */,
				67587C7729CD84CF00EF706C /* CapsuleTextView.swift in Sources */,
				6708583529C2CA0F0039A5ED /* SignInViewModel.swift in Sources */,
				670C86FC29CC17F5000D8F20 /* TabBar.swift in Sources */,
			);
			runOnlyForDeploymentPostprocessing = 0;
		};
/* End PBXSourcesBuildPhase section */

/* Begin XCBuildConfiguration section */
		6730229A29BBABD9003C6E40 /* Debug */ = {
			isa = XCBuildConfiguration;
			buildSettings = {
				ALWAYS_SEARCH_USER_PATHS = NO;
				CLANG_ANALYZER_NONNULL = YES;
				CLANG_ANALYZER_NUMBER_OBJECT_CONVERSION = YES_AGGRESSIVE;
				CLANG_CXX_LANGUAGE_STANDARD = "gnu++20";
				CLANG_ENABLE_MODULES = YES;
				CLANG_ENABLE_OBJC_ARC = YES;
				CLANG_ENABLE_OBJC_WEAK = YES;
				CLANG_WARN_BLOCK_CAPTURE_AUTORELEASING = YES;
				CLANG_WARN_BOOL_CONVERSION = YES;
				CLANG_WARN_COMMA = YES;
				CLANG_WARN_CONSTANT_CONVERSION = YES;
				CLANG_WARN_DEPRECATED_OBJC_IMPLEMENTATIONS = YES;
				CLANG_WARN_DIRECT_OBJC_ISA_USAGE = YES_ERROR;
				CLANG_WARN_DOCUMENTATION_COMMENTS = YES;
				CLANG_WARN_EMPTY_BODY = YES;
				CLANG_WARN_ENUM_CONVERSION = YES;
				CLANG_WARN_INFINITE_RECURSION = YES;
				CLANG_WARN_INT_CONVERSION = YES;
				CLANG_WARN_NON_LITERAL_NULL_CONVERSION = YES;
				CLANG_WARN_OBJC_IMPLICIT_RETAIN_SELF = YES;
				CLANG_WARN_OBJC_LITERAL_CONVERSION = YES;
				CLANG_WARN_OBJC_ROOT_CLASS = YES_ERROR;
				CLANG_WARN_QUOTED_INCLUDE_IN_FRAMEWORK_HEADER = YES;
				CLANG_WARN_RANGE_LOOP_ANALYSIS = YES;
				CLANG_WARN_STRICT_PROTOTYPES = YES;
				CLANG_WARN_SUSPICIOUS_MOVE = YES;
				CLANG_WARN_UNGUARDED_AVAILABILITY = YES_AGGRESSIVE;
				CLANG_WARN_UNREACHABLE_CODE = YES;
				CLANG_WARN__DUPLICATE_METHOD_MATCH = YES;
				COPY_PHASE_STRIP = NO;
				DEBUG_INFORMATION_FORMAT = dwarf;
				ENABLE_STRICT_OBJC_MSGSEND = YES;
				ENABLE_TESTABILITY = YES;
				GCC_C_LANGUAGE_STANDARD = gnu11;
				GCC_DYNAMIC_NO_PIC = NO;
				GCC_NO_COMMON_BLOCKS = YES;
				GCC_OPTIMIZATION_LEVEL = 0;
				GCC_PREPROCESSOR_DEFINITIONS = (
					"DEBUG=1",
					"$(inherited)",
				);
				GCC_WARN_64_TO_32_BIT_CONVERSION = YES;
				GCC_WARN_ABOUT_RETURN_TYPE = YES_ERROR;
				GCC_WARN_UNDECLARED_SELECTOR = YES;
				GCC_WARN_UNINITIALIZED_AUTOS = YES_AGGRESSIVE;
				GCC_WARN_UNUSED_FUNCTION = YES;
				GCC_WARN_UNUSED_VARIABLE = YES;
				IPHONEOS_DEPLOYMENT_TARGET = 15.0;
				MTL_ENABLE_DEBUG_INFO = INCLUDE_SOURCE;
				MTL_FAST_MATH = YES;
				ONLY_ACTIVE_ARCH = YES;
				SDKROOT = iphoneos;
				SWIFT_ACTIVE_COMPILATION_CONDITIONS = DEBUG;
				SWIFT_OPTIMIZATION_LEVEL = "-Onone";
			};
			name = Debug;
		};
		6730229B29BBABD9003C6E40 /* Release */ = {
			isa = XCBuildConfiguration;
			buildSettings = {
				ALWAYS_SEARCH_USER_PATHS = NO;
				CLANG_ANALYZER_NONNULL = YES;
				CLANG_ANALYZER_NUMBER_OBJECT_CONVERSION = YES_AGGRESSIVE;
				CLANG_CXX_LANGUAGE_STANDARD = "gnu++20";
				CLANG_ENABLE_MODULES = YES;
				CLANG_ENABLE_OBJC_ARC = YES;
				CLANG_ENABLE_OBJC_WEAK = YES;
				CLANG_WARN_BLOCK_CAPTURE_AUTORELEASING = YES;
				CLANG_WARN_BOOL_CONVERSION = YES;
				CLANG_WARN_COMMA = YES;
				CLANG_WARN_CONSTANT_CONVERSION = YES;
				CLANG_WARN_DEPRECATED_OBJC_IMPLEMENTATIONS = YES;
				CLANG_WARN_DIRECT_OBJC_ISA_USAGE = YES_ERROR;
				CLANG_WARN_DOCUMENTATION_COMMENTS = YES;
				CLANG_WARN_EMPTY_BODY = YES;
				CLANG_WARN_ENUM_CONVERSION = YES;
				CLANG_WARN_INFINITE_RECURSION = YES;
				CLANG_WARN_INT_CONVERSION = YES;
				CLANG_WARN_NON_LITERAL_NULL_CONVERSION = YES;
				CLANG_WARN_OBJC_IMPLICIT_RETAIN_SELF = YES;
				CLANG_WARN_OBJC_LITERAL_CONVERSION = YES;
				CLANG_WARN_OBJC_ROOT_CLASS = YES_ERROR;
				CLANG_WARN_QUOTED_INCLUDE_IN_FRAMEWORK_HEADER = YES;
				CLANG_WARN_RANGE_LOOP_ANALYSIS = YES;
				CLANG_WARN_STRICT_PROTOTYPES = YES;
				CLANG_WARN_SUSPICIOUS_MOVE = YES;
				CLANG_WARN_UNGUARDED_AVAILABILITY = YES_AGGRESSIVE;
				CLANG_WARN_UNREACHABLE_CODE = YES;
				CLANG_WARN__DUPLICATE_METHOD_MATCH = YES;
				COPY_PHASE_STRIP = NO;
				DEBUG_INFORMATION_FORMAT = "dwarf-with-dsym";
				ENABLE_NS_ASSERTIONS = NO;
				ENABLE_STRICT_OBJC_MSGSEND = YES;
				GCC_C_LANGUAGE_STANDARD = gnu11;
				GCC_NO_COMMON_BLOCKS = YES;
				GCC_WARN_64_TO_32_BIT_CONVERSION = YES;
				GCC_WARN_ABOUT_RETURN_TYPE = YES_ERROR;
				GCC_WARN_UNDECLARED_SELECTOR = YES;
				GCC_WARN_UNINITIALIZED_AUTOS = YES_AGGRESSIVE;
				GCC_WARN_UNUSED_FUNCTION = YES;
				GCC_WARN_UNUSED_VARIABLE = YES;
				IPHONEOS_DEPLOYMENT_TARGET = 15.0;
				MTL_ENABLE_DEBUG_INFO = NO;
				MTL_FAST_MATH = YES;
				SDKROOT = iphoneos;
				SWIFT_COMPILATION_MODE = wholemodule;
				SWIFT_OPTIMIZATION_LEVEL = "-O";
				VALIDATE_PRODUCT = YES;
			};
			name = Release;
		};
		6730229D29BBABD9003C6E40 /* Debug */ = {
			isa = XCBuildConfiguration;
			buildSettings = {
				ASSETCATALOG_COMPILER_APPICON_NAME = AppIcon;
				ASSETCATALOG_COMPILER_GLOBAL_ACCENT_COLOR_NAME = AccentColor;
				CODE_SIGN_STYLE = Automatic;
				CURRENT_PROJECT_VERSION = 1;
				DEVELOPMENT_ASSET_PATHS = "\"Online Shop/Preview Content\"";
				DEVELOPMENT_TEAM = T2HBBQ5KF9;
				ENABLE_PREVIEWS = YES;
				GENERATE_INFOPLIST_FILE = YES;
				INFOPLIST_FILE = "Online-Shop-Info.plist";
				INFOPLIST_KEY_LSApplicationCategoryType = "public.app-category.shopping";
				INFOPLIST_KEY_UIApplicationSupportsIndirectInputEvents = YES;
				INFOPLIST_KEY_UILaunchScreen_Generation = YES;
				INFOPLIST_KEY_UISupportedInterfaceOrientations = UIInterfaceOrientationPortrait;
				INFOPLIST_KEY_UISupportedInterfaceOrientations_iPad = "UIInterfaceOrientationLandscapeLeft UIInterfaceOrientationLandscapeRight UIInterfaceOrientationPortrait UIInterfaceOrientationPortraitUpsideDown";
				INFOPLIST_KEY_UIUserInterfaceStyle = Light;
				IPHONEOS_DEPLOYMENT_TARGET = 15.0;
				LD_RUNPATH_SEARCH_PATHS = (
					"$(inherited)",
					"@executable_path/Frameworks",
				);
				MARKETING_VERSION = 1.0;
				PRODUCT_BUNDLE_IDENTIFIER = "com.home.Online-Shop";
				PRODUCT_NAME = "$(TARGET_NAME)";
				SUPPORTED_PLATFORMS = "iphoneos iphonesimulator";
				SUPPORTS_MACCATALYST = NO;
				SUPPORTS_MAC_DESIGNED_FOR_IPHONE_IPAD = NO;
				SWIFT_EMIT_LOC_STRINGS = YES;
				SWIFT_VERSION = 5.0;
				TARGETED_DEVICE_FAMILY = 1;
			};
			name = Debug;
		};
		6730229E29BBABD9003C6E40 /* Release */ = {
			isa = XCBuildConfiguration;
			buildSettings = {
				ASSETCATALOG_COMPILER_APPICON_NAME = AppIcon;
				ASSETCATALOG_COMPILER_GLOBAL_ACCENT_COLOR_NAME = AccentColor;
				CODE_SIGN_STYLE = Automatic;
				CURRENT_PROJECT_VERSION = 1;
				DEVELOPMENT_ASSET_PATHS = "\"Online Shop/Preview Content\"";
				DEVELOPMENT_TEAM = T2HBBQ5KF9;
				ENABLE_PREVIEWS = YES;
				GENERATE_INFOPLIST_FILE = YES;
				INFOPLIST_FILE = "Online-Shop-Info.plist";
				INFOPLIST_KEY_LSApplicationCategoryType = "public.app-category.shopping";
				INFOPLIST_KEY_UIApplicationSupportsIndirectInputEvents = YES;
				INFOPLIST_KEY_UILaunchScreen_Generation = YES;
				INFOPLIST_KEY_UISupportedInterfaceOrientations = UIInterfaceOrientationPortrait;
				INFOPLIST_KEY_UISupportedInterfaceOrientations_iPad = "UIInterfaceOrientationLandscapeLeft UIInterfaceOrientationLandscapeRight UIInterfaceOrientationPortrait UIInterfaceOrientationPortraitUpsideDown";
				INFOPLIST_KEY_UIUserInterfaceStyle = Light;
				IPHONEOS_DEPLOYMENT_TARGET = 15.0;
				LD_RUNPATH_SEARCH_PATHS = (
					"$(inherited)",
					"@executable_path/Frameworks",
				);
				MARKETING_VERSION = 1.0;
				PRODUCT_BUNDLE_IDENTIFIER = "com.home.Online-Shop";
				PRODUCT_NAME = "$(TARGET_NAME)";
				SUPPORTED_PLATFORMS = "iphoneos iphonesimulator";
				SUPPORTS_MACCATALYST = NO;
				SUPPORTS_MAC_DESIGNED_FOR_IPHONE_IPAD = NO;
				SWIFT_EMIT_LOC_STRINGS = YES;
				SWIFT_VERSION = 5.0;
				TARGETED_DEVICE_FAMILY = 1;
			};
			name = Release;
		};
/* End XCBuildConfiguration section */

/* Begin XCConfigurationList section */
		6730228929BBABD9003C6E40 /* Build configuration list for PBXProject "Online Shop" */ = {
			isa = XCConfigurationList;
			buildConfigurations = (
				6730229A29BBABD9003C6E40 /* Debug */,
				6730229B29BBABD9003C6E40 /* Release */,
			);
			defaultConfigurationIsVisible = 0;
			defaultConfigurationName = Release;
		};
		6730229C29BBABD9003C6E40 /* Build configuration list for PBXNativeTarget "Online Shop" */ = {
			isa = XCConfigurationList;
			buildConfigurations = (
				6730229D29BBABD9003C6E40 /* Debug */,
				6730229E29BBABD9003C6E40 /* Release */,
			);
			defaultConfigurationIsVisible = 0;
			defaultConfigurationName = Release;
		};
/* End XCConfigurationList section */
	};
	rootObject = 6730228629BBABD9003C6E40 /* Project object */;
}
